campaign: sleep-confirmation-clock
comments:
  - author: Halina P.
    posted: -47h
    text: Does it know the difference between asleep and just lying very still?
    replies:
      - author: Tomasz Wróbel
        posted: -46h
        text: Not with certainty. It requires three minutes of stillness before it counts, which most lying-still does not survive.
        inventor: true
  - author: Declan M.
    posted: -40h
    text: Backed the Walnut Edition. My nightstand needed a clock that doesn't flatter me.
  - author: Yuki S.
    posted: -33h
    text: What happens if I get up in the middle of the night?
    replies:
      - author: Tomasz Wróbel
        posted: -32h
        text: The hours reset to the next sustained stillness. A short night reads as a short night.
        inventor: true
  - author: Ottilie R.
    posted: -28h
    text: No backlight at all? I don't want a glow at 3am.
  - author: Grzegorz K.
    posted: -20h
    text: I was hoping for a percentage, honestly. Asleep or Not Asleep feels a bit blunt.
    replies:
      - author: Tomasz Wróbel
        posted: -19h
        text: A percentage would be a guess dressed as a number. This is not that.
        inventor: true
  - author: Marisol A.
    posted: -14h
    text: Backed the Ash Clock. Simple is fine for a bedside table.
  - author: Bartek N.
    posted: -9h
    text: Does the microphone pick up a partner snoring and count that against me?
  - author: Freya L.
    posted: -4h
    text: Just backed the spare plate too. Cats sleep on my bed most nights, not me.
